
Microsoft Visual Studio Solution File, Format Version 12.00
# Visual Studio Version 17
VisualStudioVersion = 17.9.34728.123
MinimumVisualStudioVersion = 10.0.40219.1
Project("{FAE04EC0-301F-11D3-BF4B-00C04F79EFBC}") = "ExcelFileReaderNPOOPoC", "ExcelFileReaderPOC\ExcelFileReaderNPOOPoC.csproj", "{162C5F3F-77D7-4906-9F8E-C4891C1E2544}"
EndProject
Project("{FAE04EC0-301F-11D3-BF4B-00C04F79EFBC}") = "ExcelFileReaderEDRPoC", "ExcelFileReaderEDRPoC\ExcelFileReaderEDRPoC.csproj", "{D29CF490-7938-434D-AB03-DC1F213DC579}"
EndProject
Project("{FAE04EC0-301F-11D3-BF4B-00C04F79EFBC}") = "ExcelFileReaderEPPlusPoC", "ExcelFileReaderEPPlusPoC\ExcelFileReaderEPPlusPoC.csproj", "{4BBDA6D6-0D3D-4CE5-8A8A-58E11CFC529C}"
EndProject
Global
	GlobalSection(SolutionConfigurationPlatforms) = preSolution
		Debug|Any CPU = Debug|Any CPU
		Release|Any CPU = Release|Any CPU
	EndGlobalSection
	GlobalSection(ProjectConfigurationPlatforms) = postSolution
		{162C5F3F-77D7-4906-9F8E-C4891C1E2544}.Debug|Any CPU.ActiveCfg = Debug|Any CPU
		{162C5F3F-77D7-4906-9F8E-C4891C1E2544}.Debug|Any CPU.Build.0 = Debug|Any CPU
		{162C5F3F-77D7-4906-9F8E-C4891C1E2544}.Release|Any CPU.ActiveCfg = Release|Any CPU
		{162C5F3F-77D7-4906-9F8E-C4891C1E2544}.Release|Any CPU.Build.0 = Release|Any CPU
		{D29CF490-7938-434D-AB03-DC1F213DC579}.Debug|Any CPU.ActiveCfg = Debug|Any CPU
		{D29CF490-7938-434D-AB03-DC1F213DC579}.Debug|Any CPU.Build.0 = Debug|Any CPU
		{D29CF490-7938-434D-AB03-DC1F213DC579}.Release|Any CPU.ActiveCfg = Release|Any CPU
		{D29CF490-7938-434D-AB03-DC1F213DC579}.Release|Any CPU.Build.0 = Release|Any CPU
		{4BBDA6D6-0D3D-4CE5-8A8A-58E11CFC529C}.Debug|Any CPU.ActiveCfg = Debug|Any CPU
		{4BBDA6D6-0D3D-4CE5-8A8A-58E11CFC529C}.Debug|Any CPU.Build.0 = Debug|Any CPU
		{4BBDA6D6-0D3D-4CE5-8A8A-58E11CFC529C}.Release|Any CPU.ActiveCfg = Release|Any CPU
		{4BBDA6D6-0D3D-4CE5-8A8A-58E11CFC529C}.Release|Any CPU.Build.0 = Release|Any CPU
	EndGlobalSection
	GlobalSection(SolutionProperties) = preSolution
		HideSolutionNode = FALSE
	EndGlobalSection
	GlobalSection(ExtensibilityGlobals) = postSolution
		SolutionGuid = {CFEA8A82-A349-41CB-AEAF-227B63DAC4D6}
	EndGlobalSection
EndGlobal
